Microsoft Visual Studio Solution File, Format Version 9.00
# Visual Studio 2005
Project("{8BC9CEB8-8B4A-11D0-8D11-00A0C91BC942}") = "cameras", "cameras\cameras.vcproj", "{55FB4090-225E-4C8F-A9E1-EF7FE8570DA8}"
	ProjectSection(ProjectDependencies) = postProject
		{7EDECEE0-95E0-4A42-ABFB-FF389886DA2F} = {7EDECEE0-95E0-4A42-ABFB-FF389886DA2F}
	EndProjectSection
EndProject
Project("{8BC9CEB8-8B4A-11D0-8D11-00A0C91BC942}") = "kernel", "kernel\kernel.vcproj", "{7EDECEE0-95E0-4A42-ABFB-FF389886DA2F}"
EndProject
Project("{8BC9CEB8-8B4A-11D0-8D11-00A0C91BC942}") = "scenery", "scenery\scenery.vcproj", "{729E713E-24F3-4455-B8F6-FE9BD28D3265}"
	ProjectSection(ProjectDependencies) = postProject
		{7EDECEE0-95E0-4A42-ABFB-FF389886DA2F} = {7EDECEE0-95E0-4A42-ABFB-FF389886DA2F}
	EndProjectSection
EndProject
Project("{8BC9CEB8-8B4A-11D0-8D11-00A0C91BC942}") = "setup", "setup\setup.vcproj", "{681E6D71-43A2-4815-BDE1-77E009F83628}"
	ProjectSection(ProjectDependencies) = postProject
		{729E713E-24F3-4455-B8F6-FE9BD28D3265} = {729E713E-24F3-4455-B8F6-FE9BD28D3265}
		{165ADA74-C977-4D91-9499-C67559B20666} = {165ADA74-C977-4D91-9499-C67559B20666}
		{55FB4090-225E-4C8F-A9E1-EF7FE8570DA8} = {55FB4090-225E-4C8F-A9E1-EF7FE8570DA8}
		{FA914AB2-6753-4B89-93A5-4295B122D173} = {FA914AB2-6753-4B89-93A5-4295B122D173}
		{7EDECEE0-95E0-4A42-ABFB-FF389886DA2F} = {7EDECEE0-95E0-4A42-ABFB-FF389886DA2F}
	EndProjectSection
EndProject
Project("{8BC9CEB8-8B4A-11D0-8D11-00A0C91BC942}") = "shaders", "shaders\shaders.vcproj", "{FA914AB2-6753-4B89-93A5-4295B122D173}"
	ProjectSection(ProjectDependencies) = postProject
		{7EDECEE0-95E0-4A42-ABFB-FF389886DA2F} = {7EDECEE0-95E0-4A42-ABFB-FF389886DA2F}
	EndProjectSection
EndProject
Project("{8BC9CEB8-8B4A-11D0-8D11-00A0C91BC942}") = "textures", "textures\textures.vcproj", "{165ADA74-C977-4D91-9499-C67559B20666}"
	ProjectSection(ProjectDependencies) = postProject
		{7EDECEE0-95E0-4A42-ABFB-FF389886DA2F} = {7EDECEE0-95E0-4A42-ABFB-FF389886DA2F}
	EndProjectSection
EndProject
Global
	GlobalSection(SolutionConfigurationPlatforms) = preSolution
		Debug|Win32 = Debug|Win32
		Release|Win32 = Release|Win32
	EndGlobalSection
	GlobalSection(ProjectConfigurationPlatforms) = postSolution
		{55FB4090-225E-4C8F-A9E1-EF7FE8570DA8}.Debug|Win32.ActiveCfg = Debug|Win32
		{55FB4090-225E-4C8F-A9E1-EF7FE8570DA8}.Debug|Win32.Build.0 = Debug|Win32
		{55FB4090-225E-4C8F-A9E1-EF7FE8570DA8}.Release|Win32.ActiveCfg = Release|Win32
		{55FB4090-225E-4C8F-A9E1-EF7FE8570DA8}.Release|Win32.Build.0 = Release|Win32
		{7EDECEE0-95E0-4A42-ABFB-FF389886DA2F}.Debug|Win32.ActiveCfg = Debug|Win32
		{7EDECEE0-95E0-4A42-ABFB-FF389886DA2F}.Debug|Win32.Build.0 = Debug|Win32
		{7EDECEE0-95E0-4A42-ABFB-FF389886DA2F}.Release|Win32.ActiveCfg = Release|Win32
		{7EDECEE0-95E0-4A42-ABFB-FF389886DA2F}.Release|Win32.Build.0 = Release|Win32
		{729E713E-24F3-4455-B8F6-FE9BD28D3265}.Debug|Win32.ActiveCfg = Debug|Win32
		{729E713E-24F3-4455-B8F6-FE9BD28D3265}.Debug|Win32.Build.0 = Debug|Win32
		{729E713E-24F3-4455-B8F6-FE9BD28D3265}.Release|Win32.ActiveCfg = Release|Win32
		{729E713E-24F3-4455-B8F6-FE9BD28D3265}.Release|Win32.Build.0 = Release|Win32
		{681E6D71-43A2-4815-BDE1-77E009F83628}.Debug|Win32.ActiveCfg = Debug|Win32
		{681E6D71-43A2-4815-BDE1-77E009F83628}.Debug|Win32.Build.0 = Debug|Win32
		{681E6D71-43A2-4815-BDE1-77E009F83628}.Release|Win32.ActiveCfg = Release|Win32
		{681E6D71-43A2-4815-BDE1-77E009F83628}.Release|Win32.Build.0 = Release|Win32
		{FA914AB2-6753-4B89-93A5-4295B122D173}.Debug|Win32.ActiveCfg = Debug|Win32
		{FA914AB2-6753-4B89-93A5-4295B122D173}.Debug|Win32.Build.0 = Debug|Win32
		{FA914AB2-6753-4B89-93A5-4295B122D173}.Release|Win32.ActiveCfg = Release|Win32
		{FA914AB2-6753-4B89-93A5-4295B122D173}.Release|Win32.Build.0 = Release|Win32
		{165ADA74-C977-4D91-9499-C67559B20666}.Debug|Win32.ActiveCfg = Debug|Win32
		{165ADA74-C977-4D91-9499-C67559B20666}.Debug|Win32.Build.0 = Debug|Win32
		{165ADA74-C977-4D91-9499-C67559B20666}.Release|Win32.ActiveCfg = Release|Win32
		{165ADA74-C977-4D91-9499-C67559B20666}.Release|Win32.Build.0 = Release|Win32
	EndGlobalSection
	GlobalSection(SolutionProperties) = preSolution
		HideSolutionNode = FALSE
	EndGlobalSection
EndGlobal
